
Microsoft Visual Studio Solution File, Format Version 11.00
# Visual Studio 2010
# SharpDevelop 4.4
Project("{FAE04EC0-301F-11D3-BF4B-00C04F79EFBC}") = "Samples.FtpGui", "Samples.FtpGui\Samples.FtpGui.csproj", "{15F75156-9D45-43A5-896B-E2D4EB3D8519}"
EndProject
Global
	GlobalSection(SolutionConfigurationPlatforms) = preSolution
		Debug|Any CPU = Debug|Any CPU
		Release|Any CPU = Release|Any CPU
	EndGlobalSection
	GlobalSection(ProjectConfigurationPlatforms) = postSolution
		{15F75156-9D45-43A5-896B-E2D4EB3D8519}.Debug|Any CPU.Build.0 = Debug|Any CPU
		{15F75156-9D45-43A5-896B-E2D4EB3D8519}.Debug|Any CPU.ActiveCfg = Debug|Any CPU
		{15F75156-9D45-43A5-896B-E2D4EB3D8519}.Release|Any CPU.Build.0 = Release|Any CPU
		{15F75156-9D45-43A5-896B-E2D4EB3D8519}.Release|Any CPU.ActiveCfg = Release|Any CPU
	EndGlobalSection
EndGlobal
